
Microsoft Visual Studio Solution File, Format Version 12.00
# Visual Studio 15
Project("{FAE04EC0-301F-11D3-BF4B-00C04F79EFBC}") = "Assembly-CSharp", "Assembly-CSharp.csproj", "{061B87B0-C2EB-7E3B-282E-36584410EA93}"
EndProject
Project("{FAE04EC0-301F-11D3-BF4B-00C04F79EFBC}") = "Assembly-CSharp-firstpass", "Assembly-CSharp-firstpass.csproj", "{64F636D4-88DF-445B-4042-D13EDBF89197}"
EndProject
Project("{FAE04EC0-301F-11D3-BF4B-00C04F79EFBC}") = "Assembly-CSharp-Editor-firstpass", "Assembly-CSharp-Editor-firstpass.csproj", "{975D0A5B-B9BA-8930-3CE6-391A1F5BB8B8}"
EndProject
Global
	GlobalSection(SolutionConfigurationPlatforms) = preSolution
		Debug|Any CPU = Debug|Any CPU
		Release|Any CPU = Release|Any CPU
	EndGlobalSection
	GlobalSection(ProjectConfigurationPlatforms) = postSolution
		{061B87B0-C2EB-7E3B-282E-36584410EA93}.Debug|Any CPU.ActiveCfg = Debug|Any CPU
		{061B87B0-C2EB-7E3B-282E-36584410EA93}.Debug|Any CPU.Build.0 = Debug|Any CPU
		{061B87B0-C2EB-7E3B-282E-36584410EA93}.Release|Any CPU.ActiveCfg = Release|Any CPU
		{061B87B0-C2EB-7E3B-282E-36584410EA93}.Release|Any CPU.Build.0 = Release|Any CPU
		{64F636D4-88DF-445B-4042-D13EDBF89197}.Debug|Any CPU.ActiveCfg = Debug|Any CPU
		{64F636D4-88DF-445B-4042-D13EDBF89197}.Debug|Any CPU.Build.0 = Debug|Any CPU
		{64F636D4-88DF-445B-4042-D13EDBF89197}.Release|Any CPU.ActiveCfg = Release|Any CPU
		{64F636D4-88DF-445B-4042-D13EDBF89197}.Release|Any CPU.Build.0 = Release|Any CPU
		{975D0A5B-B9BA-8930-3CE6-391A1F5BB8B8}.Debug|Any CPU.ActiveCfg = Debug|Any CPU
		{975D0A5B-B9BA-8930-3CE6-391A1F5BB8B8}.Debug|Any CPU.Build.0 = Debug|Any CPU
		{975D0A5B-B9BA-8930-3CE6-391A1F5BB8B8}.Release|Any CPU.ActiveCfg = Release|Any CPU
		{975D0A5B-B9BA-8930-3CE6-391A1F5BB8B8}.Release|Any CPU.Build.0 = Release|Any CPU
	EndGlobalSection
	GlobalSection(SolutionProperties) = preSolution
		HideSolutionNode = FALSE
	EndGlobalSection
EndGlobal
